
Microsoft Visual Studio Solution File, Format Version 12.00
# Visual Studio Version 17
VisualStudioVersion = 17.1.32421.90
MinimumVisualStudioVersion = 10.0.40219.1
Project("{FAE04EC0-301F-11D3-BF4B-00C04F79EFBC}") = "VRLoader", "VRLoader\VRLoader.csproj", "{CFE72319-45E3-4E7F-9635-C533C5D66DDF}"
EndProject
Project("{FAE04EC0-301F-11D3-BF4B-00C04F79EFBC}") = "InitManager", "InitManager\InitManager.csproj", "{BD30E606-227B-4C7E-A05B-46D04F293341}"
EndProject
Project("{FAE04EC0-301F-11D3-BF4B-00C04F79EFBC}") = "BE4v", "BE4v\BE4v.csproj", "{48A98327-969A-4676-A7E7-6E8A3030F4DA}"
EndProject
Project("{FAE04EC0-301F-11D3-BF4B-00C04F79EFBC}") = "WebUploader", "WebUploader\WebUploader.csproj", "{643ADA23-A2FD-496A-AC9B-A54C02623549}"
EndProject
Global
	GlobalSection(SolutionConfigurationPlatforms) = preSolution
		Debug|Any CPU = Debug|Any CPU
		Debug|x64 = Debug|x64
		Debug|x86 = Debug|x86
		Release|Any CPU = Release|Any CPU
		Release|x64 = Release|x64
		Release|x86 = Release|x86
		ServerSdk-Debug|Any CPU = ServerSdk-Debug|Any CPU
		ServerSdk-Debug|x64 = ServerSdk-Debug|x64
		ServerSdk-Debug|x86 = ServerSdk-Debug|x86
		ServerSdk-Release|Any CPU = ServerSdk-Release|Any CPU
		ServerSdk-Release|x64 = ServerSdk-Release|x64
		ServerSdk-Release|x86 = ServerSdk-Release|x86
		Unity-Debug|Any CPU = Unity-Debug|Any CPU
		Unity-Debug|x64 = Unity-Debug|x64
		Unity-Debug|x86 = Unity-Debug|x86
		Unity-Release|Any CPU = Unity-Release|Any CPU
		Unity-Release|x64 = Unity-Release|x64
		Unity-Release|x86 = Unity-Release|x86
	EndGlobalSection
	GlobalSection(ProjectConfigurationPlatforms) = postSolution
		{CFE72319-45E3-4E7F-9635-C533C5D66DDF}.Debug|Any CPU.ActiveCfg = Debug|Any CPU
		{CFE72319-45E3-4E7F-9635-C533C5D66DDF}.Debug|x64.ActiveCfg = Debug|Any CPU
		{CFE72319-45E3-4E7F-9635-C533C5D66DDF}.Debug|x64.Build.0 = Debug|Any CPU
		{CFE72319-45E3-4E7F-9635-C533C5D66DDF}.Debug|x86.ActiveCfg = Debug|Any CPU
		{CFE72319-45E3-4E7F-9635-C533C5D66DDF}.Debug|x86.Build.0 = Debug|Any CPU
		{CFE72319-45E3-4E7F-9635-C533C5D66DDF}.Release|Any CPU.ActiveCfg = Release|Any CPU
		{CFE72319-45E3-4E7F-9635-C533C5D66DDF}.Release|Any CPU.Build.0 = Release|Any CPU
		{CFE72319-45E3-4E7F-9635-C533C5D66DDF}.Release|x64.ActiveCfg = Release|Any CPU
		{CFE72319-45E3-4E7F-9635-C533C5D66DDF}.Release|x64.Build.0 = Release|Any CPU
		{CFE72319-45E3-4E7F-9635-C533C5D66DDF}.Release|x86.ActiveCfg = Release|Any CPU
		{CFE72319-45E3-4E7F-9635-C533C5D66DDF}.Release|x86.Build.0 = Release|Any CPU
		{CFE72319-45E3-4E7F-9635-C533C5D66DDF}.ServerSdk-Debug|Any CPU.ActiveCfg = Debug|Any CPU
		{CFE72319-45E3-4E7F-9635-C533C5D66DDF}.ServerSdk-Debug|Any CPU.Build.0 = Debug|Any CPU
		{CFE72319-45E3-4E7F-9635-C533C5D66DDF}.ServerSdk-Debug|x64.ActiveCfg = Debug|Any CPU
		{CFE72319-45E3-4E7F-9635-C533C5D66DDF}.ServerSdk-Debug|x64.Build.0 = Debug|Any CPU
		{CFE72319-45E3-4E7F-9635-C533C5D66DDF}.ServerSdk-Debug|x86.ActiveCfg = Debug|Any CPU
		{CFE72319-45E3-4E7F-9635-C533C5D66DDF}.ServerSdk-Debug|x86.Build.0 = Debug|Any CPU
		{CFE72319-45E3-4E7F-9635-C533C5D66DDF}.ServerSdk-Release|Any CPU.ActiveCfg = Release|Any CPU
		{CFE72319-45E3-4E7F-9635-C533C5D66DDF}.ServerSdk-Release|Any CPU.Build.0 = Release|Any CPU
		{CFE72319-45E3-4E7F-9635-C533C5D66DDF}.ServerSdk-Release|x64.ActiveCfg = Release|Any CPU
		{CFE72319-45E3-4E7F-9635-C533C5D66DDF}.ServerSdk-Release|x64.Build.0 = Release|Any CPU
		{CFE72319-45E3-4E7F-9635-C533C5D66DDF}.ServerSdk-Release|x86.ActiveCfg = Release|Any CPU
		{CFE72319-45E3-4E7F-9635-C533C5D66DDF}.ServerSdk-Release|x86.Build.0 = Release|Any CPU
		{CFE72319-45E3-4E7F-9635-C533C5D66DDF}.Unity-Debug|Any CPU.ActiveCfg = Debug|Any CPU
		{CFE72319-45E3-4E7F-9635-C533C5D66DDF}.Unity-Debug|Any CPU.Build.0 = Debug|Any CPU
		{CFE72319-45E3-4E7F-9635-C533C5D66DDF}.Unity-Debug|x64.ActiveCfg = Debug|Any CPU
		{CFE72319-45E3-4E7F-9635-C533C5D66DDF}.Unity-Debug|x64.Build.0 = Debug|Any CPU
		{CFE72319-45E3-4E7F-9635-C533C5D66DDF}.Unity-Debug|x86.ActiveCfg = Debug|Any CPU
		{CFE72319-45E3-4E7F-9635-C533C5D66DDF}.Unity-Debug|x86.Build.0 = Debug|Any CPU
		{CFE72319-45E3-4E7F-9635-C533C5D66DDF}.Unity-Release|Any CPU.ActiveCfg = Release|Any CPU
		{CFE72319-45E3-4E7F-9635-C533C5D66DDF}.Unity-Release|Any CPU.Build.0 = Release|Any CPU
		{CFE72319-45E3-4E7F-9635-C533C5D66DDF}.Unity-Release|x64.ActiveCfg = Release|Any CPU
		{CFE72319-45E3-4E7F-9635-C533C5D66DDF}.Unity-Release|x64.Build.0 = Release|Any CPU
		{CFE72319-45E3-4E7F-9635-C533C5D66DDF}.Unity-Release|x86.ActiveCfg = Release|Any CPU
		{CFE72319-45E3-4E7F-9635-C533C5D66DDF}.Unity-Release|x86.Build.0 = Release|Any CPU
		{BD30E606-227B-4C7E-A05B-46D04F293341}.Debug|Any CPU.ActiveCfg = Debug|Any CPU
		{BD30E606-227B-4C7E-A05B-46D04F293341}.Debug|x64.ActiveCfg = Debug|Any CPU
		{BD30E606-227B-4C7E-A05B-46D04F293341}.Debug|x64.Build.0 = Debug|Any CPU
		{BD30E606-227B-4C7E-A05B-46D04F293341}.Debug|x86.ActiveCfg = Debug|Any CPU
		{BD30E606-227B-4C7E-A05B-46D04F293341}.Debug|x86.Build.0 = Debug|Any CPU
		{BD30E606-227B-4C7E-A05B-46D04F293341}.Release|Any CPU.ActiveCfg = Release|Any CPU
		{BD30E606-227B-4C7E-A05B-46D04F293341}.Release|Any CPU.Build.0 = Release|Any CPU
		{BD30E606-227B-4C7E-A05B-46D04F293341}.Release|x64.ActiveCfg = Release|Any CPU
		{BD30E606-227B-4C7E-A05B-46D04F293341}.Release|x64.Build.0 = Release|Any CPU
		{BD30E606-227B-4C7E-A05B-46D04F293341}.Release|x86.ActiveCfg = Release|Any CPU
		{BD30E606-227B-4C7E-A05B-46D04F293341}.Release|x86.Build.0 = Release|Any CPU
		{BD30E606-227B-4C7E-A05B-46D04F293341}.ServerSdk-Debug|Any CPU.ActiveCfg = Debug|Any CPU
		{BD30E606-227B-4C7E-A05B-46D04F293341}.ServerSdk-Debug|Any CPU.Build.0 = Debug|Any CPU
		{BD30E606-227B-4C7E-A05B-46D04F293341}.ServerSdk-Debug|x64.ActiveCfg = Debug|Any CPU
		{BD30E606-227B-4C7E-A05B-46D04F293341}.ServerSdk-Debug|x64.Build.0 = Debug|Any CPU
		{BD30E606-227B-4C7E-A05B-46D04F293341}.ServerSdk-Debug|x86.ActiveCfg = Debug|Any CPU
		{BD30E606-227B-4C7E-A05B-46D04F293341}.ServerSdk-Debug|x86.Build.0 = Debug|Any CPU
		{BD30E606-227B-4C7E-A05B-46D04F293341}.ServerSdk-Release|Any CPU.ActiveCfg = Release|Any CPU
		{BD30E606-227B-4C7E-A05B-46D04F293341}.ServerSdk-Release|Any CPU.Build.0 = Release|Any CPU
		{BD30E606-227B-4C7E-A05B-46D04F293341}.ServerSdk-Release|x64.ActiveCfg = Release|Any CPU
		{BD30E606-227B-4C7E-A05B-46D04F293341}.ServerSdk-Release|x64.Build.0 = Release|Any CPU
		{BD30E606-227B-4C7E-A05B-46D04F293341}.ServerSdk-Release|x86.ActiveCfg = Release|Any CPU
		{BD30E606-227B-4C7E-A05B-46D04F293341}.ServerSdk-Release|x86.Build.0 = Release|Any CPU
		{BD30E606-227B-4C7E-A05B-46D04F293341}.Unity-Debug|Any CPU.ActiveCfg = Debug|Any CPU
		{BD30E606-227B-4C7E-A05B-46D04F293341}.Unity-Debug|Any CPU.Build.0 = Debug|Any CPU
		{BD30E606-227B-4C7E-A05B-46D04F293341}.Unity-Debug|x64.ActiveCfg = Debug|Any CPU
		{BD30E606-227B-4C7E-A05B-46D04F293341}.Unity-Debug|x64.Build.0 = Debug|Any CPU
		{BD30E606-227B-4C7E-A05B-46D04F293341}.Unity-Debug|x86.ActiveCfg = Debug|Any CPU
		{BD30E606-227B-4C7E-A05B-46D04F293341}.Unity-Debug|x86.Build.0 = Debug|Any CPU
		{BD30E606-227B-4C7E-A05B-46D04F293341}.Unity-Release|Any CPU.ActiveCfg = Release|Any CPU
		{BD30E606-227B-4C7E-A05B-46D04F293341}.Unity-Release|Any CPU.Build.0 = Release|Any CPU
		{BD30E606-227B-4C7E-A05B-46D04F293341}.Unity-Release|x64.ActiveCfg = Release|Any CPU
		{BD30E606-227B-4C7E-A05B-46D04F293341}.Unity-Release|x64.Build.0 = Release|Any CPU
		{BD30E606-227B-4C7E-A05B-46D04F293341}.Unity-Release|x86.ActiveCfg = Release|Any CPU
		{BD30E606-227B-4C7E-A05B-46D04F293341}.Unity-Release|x86.Build.0 = Release|Any CPU
		{48A98327-969A-4676-A7E7-6E8A3030F4DA}.Debug|Any CPU.ActiveCfg = Debug|Any CPU
		{48A98327-969A-4676-A7E7-6E8A3030F4DA}.Debug|Any CPU.Build.0 = Debug|Any CPU
		{48A98327-969A-4676-A7E7-6E8A3030F4DA}.Debug|x64.ActiveCfg = Debug|Any CPU
		{48A98327-969A-4676-A7E7-6E8A3030F4DA}.Debug|x64.Build.0 = Debug|Any CPU
		{48A98327-969A-4676-A7E7-6E8A3030F4DA}.Debug|x86.ActiveCfg = Debug|Any CPU
		{48A98327-969A-4676-A7E7-6E8A3030F4DA}.Debug|x86.Build.0 = Debug|Any CPU
		{48A98327-969A-4676-A7E7-6E8A3030F4DA}.Release|Any CPU.ActiveCfg = Release|Any CPU
		{48A98327-969A-4676-A7E7-6E8A3030F4DA}.Release|Any CPU.Build.0 = Release|Any CPU
		{48A98327-969A-4676-A7E7-6E8A3030F4DA}.Release|x64.ActiveCfg = Release|Any CPU
		{48A98327-969A-4676-A7E7-6E8A3030F4DA}.Release|x64.Build.0 = Release|Any CPU
		{48A98327-969A-4676-A7E7-6E8A3030F4DA}.Release|x86.ActiveCfg = Release|Any CPU
		{48A98327-969A-4676-A7E7-6E8A3030F4DA}.Release|x86.Build.0 = Release|Any CPU
		{48A98327-969A-4676-A7E7-6E8A3030F4DA}.ServerSdk-Debug|Any CPU.ActiveCfg = Debug|Any CPU
		{48A98327-969A-4676-A7E7-6E8A3030F4DA}.ServerSdk-Debug|Any CPU.Build.0 = Debug|Any CPU
		{48A98327-969A-4676-A7E7-6E8A3030F4DA}.ServerSdk-Debug|x64.ActiveCfg = Debug|Any CPU
		{48A98327-969A-4676-A7E7-6E8A3030F4DA}.ServerSdk-Debug|x64.Build.0 = Debug|Any CPU
		{48A98327-969A-4676-A7E7-6E8A3030F4DA}.ServerSdk-Debug|x86.ActiveCfg = Debug|Any CPU
		{48A98327-969A-4676-A7E7-6E8A3030F4DA}.ServerSdk-Debug|x86.Build.0 = Debug|Any CPU
		{48A98327-969A-4676-A7E7-6E8A3030F4DA}.ServerSdk-Release|Any CPU.ActiveCfg = Release|Any CPU
		{48A98327-969A-4676-A7E7-6E8A3030F4DA}.ServerSdk-Release|Any CPU.Build.0 = Release|Any CPU
		{48A98327-969A-4676-A7E7-6E8A3030F4DA}.ServerSdk-Release|x64.ActiveCfg = Release|Any CPU
		{48A98327-969A-4676-A7E7-6E8A3030F4DA}.ServerSdk-Release|x64.Build.0 = Release|Any CPU
		{48A98327-969A-4676-A7E7-6E8A3030F4DA}.ServerSdk-Release|x86.ActiveCfg = Release|Any CPU
		{48A98327-969A-4676-A7E7-6E8A3030F4DA}.ServerSdk-Release|x86.Build.0 = Release|Any CPU
		{48A98327-969A-4676-A7E7-6E8A3030F4DA}.Unity-Debug|Any CPU.ActiveCfg = Debug|Any CPU
		{48A98327-969A-4676-A7E7-6E8A3030F4DA}.Unity-Debug|Any CPU.Build.0 = Debug|Any CPU
		{48A98327-969A-4676-A7E7-6E8A3030F4DA}.Unity-Debug|x64.ActiveCfg = Debug|Any CPU
		{48A98327-969A-4676-A7E7-6E8A3030F4DA}.Unity-Debug|x64.Build.0 = Debug|Any CPU
		{48A98327-969A-4676-A7E7-6E8A3030F4DA}.Unity-Debug|x86.ActiveCfg = Debug|Any CPU
		{48A98327-969A-4676-A7E7-6E8A3030F4DA}.Unity-Debug|x86.Build.0 = Debug|Any CPU
		{48A98327-969A-4676-A7E7-6E8A3030F4DA}.Unity-Release|Any CPU.ActiveCfg = Release|Any CPU
		{48A98327-969A-4676-A7E7-6E8A3030F4DA}.Unity-Release|Any CPU.Build.0 = Release|Any CPU
		{48A98327-969A-4676-A7E7-6E8A3030F4DA}.Unity-Release|x64.ActiveCfg = Release|Any CPU
		{48A98327-969A-4676-A7E7-6E8A3030F4DA}.Unity-Release|x64.Build.0 = Release|Any CPU
		{48A98327-969A-4676-A7E7-6E8A3030F4DA}.Unity-Release|x86.ActiveCfg = Release|Any CPU
		{48A98327-969A-4676-A7E7-6E8A3030F4DA}.Unity-Release|x86.Build.0 = Release|Any CPU
		{643ADA23-A2FD-496A-AC9B-A54C02623549}.Debug|Any CPU.ActiveCfg = Debug|Any CPU
		{643ADA23-A2FD-496A-AC9B-A54C02623549}.Debug|x64.ActiveCfg = Debug|Any CPU
		{643ADA23-A2FD-496A-AC9B-A54C02623549}.Debug|x64.Build.0 = Debug|Any CPU
		{643ADA23-A2FD-496A-AC9B-A54C02623549}.Debug|x86.ActiveCfg = Debug|Any CPU
		{643ADA23-A2FD-496A-AC9B-A54C02623549}.Debug|x86.Build.0 = Debug|Any CPU
		{643ADA23-A2FD-496A-AC9B-A54C02623549}.Release|Any CPU.ActiveCfg = Release|Any CPU
		{643ADA23-A2FD-496A-AC9B-A54C02623549}.Release|Any CPU.Build.0 = Release|Any CPU
		{643ADA23-A2FD-496A-AC9B-A54C02623549}.Release|x64.ActiveCfg = Release|Any CPU
		{643ADA23-A2FD-496A-AC9B-A54C02623549}.Release|x64.Build.0 = Release|Any CPU
		{643ADA23-A2FD-496A-AC9B-A54C02623549}.Release|x86.ActiveCfg = Release|Any CPU
		{643ADA23-A2FD-496A-AC9B-A54C02623549}.Release|x86.Build.0 = Release|Any CPU
		{643ADA23-A2FD-496A-AC9B-A54C02623549}.ServerSdk-Debug|Any CPU.ActiveCfg = Debug|Any CPU
		{643ADA23-A2FD-496A-AC9B-A54C02623549}.ServerSdk-Debug|Any CPU.Build.0 = Debug|Any CPU
		{643ADA23-A2FD-496A-AC9B-A54C02623549}.ServerSdk-Debug|x64.ActiveCfg = Debug|Any CPU
		{643ADA23-A2FD-496A-AC9B-A54C02623549}.ServerSdk-Debug|x64.Build.0 = Debug|Any CPU
		{643ADA23-A2FD-496A-AC9B-A54C02623549}.ServerSdk-Debug|x86.ActiveCfg = Debug|Any CPU
		{643ADA23-A2FD-496A-AC9B-A54C02623549}.ServerSdk-Debug|x86.Build.0 = Debug|Any CPU
		{643ADA23-A2FD-496A-AC9B-A54C02623549}.ServerSdk-Release|Any CPU.ActiveCfg = Release|Any CPU
		{643ADA23-A2FD-496A-AC9B-A54C02623549}.ServerSdk-Release|Any CPU.Build.0 = Release|Any CPU
		{643ADA23-A2FD-496A-AC9B-A54C02623549}.ServerSdk-Release|x64.ActiveCfg = Release|Any CPU
		{643ADA23-A2FD-496A-AC9B-A54C02623549}.ServerSdk-Release|x64.Build.0 = Release|Any CPU
		{643ADA23-A2FD-496A-AC9B-A54C02623549}.ServerSdk-Release|x86.ActiveCfg = Release|Any CPU
		{643ADA23-A2FD-496A-AC9B-A54C02623549}.ServerSdk-Release|x86.Build.0 = Release|Any CPU
		{643ADA23-A2FD-496A-AC9B-A54C02623549}.Unity-Debug|Any CPU.ActiveCfg = Debug|Any CPU
		{643ADA23-A2FD-496A-AC9B-A54C02623549}.Unity-Debug|Any CPU.Build.0 = Debug|Any CPU
		{643ADA23-A2FD-496A-AC9B-A54C02623549}.Unity-Debug|x64.ActiveCfg = Debug|Any CPU
		{643ADA23-A2FD-496A-AC9B-A54C02623549}.Unity-Debug|x64.Build.0 = Debug|Any CPU
		{643ADA23-A2FD-496A-AC9B-A54C02623549}.Unity-Debug|x86.ActiveCfg = Debug|Any CPU
		{643ADA23-A2FD-496A-AC9B-A54C02623549}.Unity-Debug|x86.Build.0 = Debug|Any CPU
		{643ADA23-A2FD-496A-AC9B-A54C02623549}.Unity-Release|Any CPU.ActiveCfg = Release|Any CPU
		{643ADA23-A2FD-496A-AC9B-A54C02623549}.Unity-Release|Any CPU.Build.0 = Release|Any CPU
		{643ADA23-A2FD-496A-AC9B-A54C02623549}.Unity-Release|x64.ActiveCfg = Release|Any CPU
		{643ADA23-A2FD-496A-AC9B-A54C02623549}.Unity-Release|x64.Build.0 = Release|Any CPU
		{643ADA23-A2FD-496A-AC9B-A54C02623549}.Unity-Release|x86.ActiveCfg = Release|Any CPU
		{643ADA23-A2FD-496A-AC9B-A54C02623549}.Unity-Release|x86.Build.0 = Release|Any CPU
	EndGlobalSection
	GlobalSection(SolutionProperties) = preSolution
		HideSolutionNode = FALSE
	EndGlobalSection
	GlobalSection(ExtensibilityGlobals) = postSolution
		SolutionGuid = {51E7159A-795D-4D8F-92A8-BDF514650D02}
	EndGlobalSection
EndGlobal
